
Microsoft Visual Studio Solution File, Format Version 12.00
# Visual Studio Version 17
VisualStudioVersion = 17.8.34408.163
MinimumVisualStudioVersion = 10.0.40219.1
Project("{FAE04EC0-301F-11D3-BF4B-00C04F79EFBC}") = "POC_Csharp", "POC_Csharp\POC_Csharp.csproj", "{4CDF1777-C3F3-460D-B1FA-3087CD8A6A53}"
EndProject
Global
	GlobalSection(SolutionConfigurationPlatforms) = preSolution
		Debug|Any CPU = Debug|Any CPU
		Release|Any CPU = Release|Any CPU
	EndGlobalSection
	GlobalSection(ProjectConfigurationPlatforms) = postSolution
		{4CDF1777-C3F3-460D-B1FA-3087CD8A6A53}.Debug|Any CPU.ActiveCfg = Debug|Any CPU
		{4CDF1777-C3F3-460D-B1FA-3087CD8A6A53}.Debug|Any CPU.Build.0 = Debug|Any CPU
		{4CDF1777-C3F3-460D-B1FA-3087CD8A6A53}.Release|Any CPU.ActiveCfg = Release|Any CPU
		{4CDF1777-C3F3-460D-B1FA-3087CD8A6A53}.Release|Any CPU.Build.0 = Release|Any CPU
	EndGlobalSection
	GlobalSection(SolutionProperties) = preSolution
		HideSolutionNode = FALSE
	EndGlobalSection
	GlobalSection(ExtensibilityGlobals) = postSolution
		SolutionGuid = {3D52CBB8-669E-4473-9201-A83C49B6AB7A}
	EndGlobalSection
EndGlobal
